
Microsoft Visual Studio Solution File, Format Version 12.00
# Visual Studio Version 17
VisualStudioVersion = 17.0.31903.59
MinimumVisualStudioVersion = 10.0.40219.1
Project("{FAE04EC0-301F-11D3-BF4B-00C04F79EFBC}") = "InheritanceProgram", "InheritanceProgram\InheritanceProgram.csproj", "{8186D845-AEB1-4237-BAEB-4432D93845A4}"
EndProject
Project("{FAE04EC0-301F-11D3-BF4B-00C04F79EFBC}") = "InheritanceClassLibrary", "InheritanceClassLibrary\InheritanceClassLibrary.csproj", "{F14ECB42-DE47-4C44-926B-7FA741910C8C}"
EndProject
Project("{FAE04EC0-301F-11D3-BF4B-00C04F79EFBC}") = "TextBasedRPG", "TextBasedRPG\TextBasedRPG.csproj", "{17C3E9B7-7DE0-4199-AA2C-9CD3050ED62C}"
EndProject
Project("{FAE04EC0-301F-11D3-BF4B-00C04F79EFBC}") = "AbstractClassInterface", "AbstractClassInterface\AbstractClassInterface.csproj", "{07EE4239-9DA2-42FC-90C4-C6B705A14AD2}"
EndProject
Project("{FAE04EC0-301F-11D3-BF4B-00C04F79EFBC}") = "MultipleInheritanceInterface", "MultipleInheritanceInterface\MultipleInheritanceInterface.csproj", "{B50F9A60-5AFC-4BBB-9B25-894E44785D34}"
EndProject
Project("{FAE04EC0-301F-11D3-BF4B-00C04F79EFBC}") = "EnumeratorIterator", "EnumeratorIterator\EnumeratorIterator.csproj", "{444EFD40-F5EA-4578-BB45-6253E5B938E8}"
EndProject
Project("{FAE04EC0-301F-11D3-BF4B-00C04F79EFBC}") = "TextBasedRPG_", "TextBasedRPG_\TextBasedRPG_.csproj", "{7E52FD1F-E2A6-4D82-8E53-5F2A31222370}"
EndProject
Project("{FAE04EC0-301F-11D3-BF4B-00C04F79EFBC}") = "Day7_FrameworkFundamental", "Day7_FrameworkFundamental\Day7_FrameworkFundamental.csproj", "{6FEBC8E3-15B6-4282-97A0-51A18DDFF5B9}"
EndProject
Project("{FAE04EC0-301F-11D3-BF4B-00C04F79EFBC}") = "Day7_Collections", "Day7_Collections\Day7_Collections.csproj", "{CF7BA50E-FCED-4240-8875-3048BBD23821}"
EndProject
Project("{FAE04EC0-301F-11D3-BF4B-00C04F79EFBC}") = "Playground", "Playground\Playground.csproj", "{F1489A48-35DE-457A-8596-4E965E3DB9AB}"
EndProject
Global
	GlobalSection(SolutionConfigurationPlatforms) = preSolution
		Debug|Any CPU = Debug|Any CPU
		Release|Any CPU = Release|Any CPU
	EndGlobalSection
	GlobalSection(SolutionProperties) = preSolution
		HideSolutionNode = FALSE
	EndGlobalSection
	GlobalSection(ProjectConfigurationPlatforms) = postSolution
		{8186D845-AEB1-4237-BAEB-4432D93845A4}.Debug|Any CPU.ActiveCfg = Debug|Any CPU
		{8186D845-AEB1-4237-BAEB-4432D93845A4}.Debug|Any CPU.Build.0 = Debug|Any CPU
		{8186D845-AEB1-4237-BAEB-4432D93845A4}.Release|Any CPU.ActiveCfg = Release|Any CPU
		{8186D845-AEB1-4237-BAEB-4432D93845A4}.Release|Any CPU.Build.0 = Release|Any CPU
		{F14ECB42-DE47-4C44-926B-7FA741910C8C}.Debug|Any CPU.ActiveCfg = Debug|Any CPU
		{F14ECB42-DE47-4C44-926B-7FA741910C8C}.Debug|Any CPU.Build.0 = Debug|Any CPU
		{F14ECB42-DE47-4C44-926B-7FA741910C8C}.Release|Any CPU.ActiveCfg = Release|Any CPU
		{F14ECB42-DE47-4C44-926B-7FA741910C8C}.Release|Any CPU.Build.0 = Release|Any CPU
		{17C3E9B7-7DE0-4199-AA2C-9CD3050ED62C}.Debug|Any CPU.ActiveCfg = Debug|Any CPU
		{17C3E9B7-7DE0-4199-AA2C-9CD3050ED62C}.Debug|Any CPU.Build.0 = Debug|Any CPU
		{17C3E9B7-7DE0-4199-AA2C-9CD3050ED62C}.Release|Any CPU.ActiveCfg = Release|Any CPU
		{17C3E9B7-7DE0-4199-AA2C-9CD3050ED62C}.Release|Any CPU.Build.0 = Release|Any CPU
		{07EE4239-9DA2-42FC-90C4-C6B705A14AD2}.Debug|Any CPU.ActiveCfg = Debug|Any CPU
		{07EE4239-9DA2-42FC-90C4-C6B705A14AD2}.Debug|Any CPU.Build.0 = Debug|Any CPU
		{07EE4239-9DA2-42FC-90C4-C6B705A14AD2}.Release|Any CPU.ActiveCfg = Release|Any CPU
		{07EE4239-9DA2-42FC-90C4-C6B705A14AD2}.Release|Any CPU.Build.0 = Release|Any CPU
		{B50F9A60-5AFC-4BBB-9B25-894E44785D34}.Debug|Any CPU.ActiveCfg = Debug|Any CPU
		{B50F9A60-5AFC-4BBB-9B25-894E44785D34}.Debug|Any CPU.Build.0 = Debug|Any CPU
		{B50F9A60-5AFC-4BBB-9B25-894E44785D34}.Release|Any CPU.ActiveCfg = Release|Any CPU
		{B50F9A60-5AFC-4BBB-9B25-894E44785D34}.Release|Any CPU.Build.0 = Release|Any CPU
		{444EFD40-F5EA-4578-BB45-6253E5B938E8}.Debug|Any CPU.ActiveCfg = Debug|Any CPU
		{444EFD40-F5EA-4578-BB45-6253E5B938E8}.Debug|Any CPU.Build.0 = Debug|Any CPU
		{444EFD40-F5EA-4578-BB45-6253E5B938E8}.Release|Any CPU.ActiveCfg = Release|Any CPU
		{444EFD40-F5EA-4578-BB45-6253E5B938E8}.Release|Any CPU.Build.0 = Release|Any CPU
		{7E52FD1F-E2A6-4D82-8E53-5F2A31222370}.Debug|Any CPU.ActiveCfg = Debug|Any CPU
		{7E52FD1F-E2A6-4D82-8E53-5F2A31222370}.Debug|Any CPU.Build.0 = Debug|Any CPU
		{7E52FD1F-E2A6-4D82-8E53-5F2A31222370}.Release|Any CPU.ActiveCfg = Release|Any CPU
		{7E52FD1F-E2A6-4D82-8E53-5F2A31222370}.Release|Any CPU.Build.0 = Release|Any CPU
		{6FEBC8E3-15B6-4282-97A0-51A18DDFF5B9}.Debug|Any CPU.ActiveCfg = Debug|Any CPU
		{6FEBC8E3-15B6-4282-97A0-51A18DDFF5B9}.Debug|Any CPU.Build.0 = Debug|Any CPU
		{6FEBC8E3-15B6-4282-97A0-51A18DDFF5B9}.Release|Any CPU.ActiveCfg = Release|Any CPU
		{6FEBC8E3-15B6-4282-97A0-51A18DDFF5B9}.Release|Any CPU.Build.0 = Release|Any CPU
		{CF7BA50E-FCED-4240-8875-3048BBD23821}.Debug|Any CPU.ActiveCfg = Debug|Any CPU
		{CF7BA50E-FCED-4240-8875-3048BBD23821}.Debug|Any CPU.Build.0 = Debug|Any CPU
		{CF7BA50E-FCED-4240-8875-3048BBD23821}.Release|Any CPU.ActiveCfg = Release|Any CPU
		{CF7BA50E-FCED-4240-8875-3048BBD23821}.Release|Any CPU.Build.0 = Release|Any CPU
		{F1489A48-35DE-457A-8596-4E965E3DB9AB}.Debug|Any CPU.ActiveCfg = Debug|Any CPU
		{F1489A48-35DE-457A-8596-4E965E3DB9AB}.Debug|Any CPU.Build.0 = Debug|Any CPU
		{F1489A48-35DE-457A-8596-4E965E3DB9AB}.Release|Any CPU.ActiveCfg = Release|Any CPU
		{F1489A48-35DE-457A-8596-4E965E3DB9AB}.Release|Any CPU.Build.0 = Release|Any CPU
	EndGlobalSection
EndGlobal
