
Microsoft Visual Studio Solution File, Format Version 12.00
# Visual Studio Version 17
VisualStudioVersion = 17.0.31903.59
MinimumVisualStudioVersion = 10.0.40219.1
Project("{FAE04EC0-301F-11D3-BF4B-00C04F79EFBC}") = "InheritanceProgram", "InheritanceProgram\InheritanceProgram.csproj", "{8186D845-AEB1-4237-BAEB-4432D93845A4}"
EndProject
Project("{FAE04EC0-301F-11D3-BF4B-00C04F79EFBC}") = "InheritanceClassLibrary", "InheritanceClassLibrary\InheritanceClassLibrary.csproj", "{F14ECB42-DE47-4C44-926B-7FA741910C8C}"
EndProject
Project("{FAE04EC0-301F-11D3-BF4B-00C04F79EFBC}") = "TextBasedRPG", "TextBasedRPG\TextBasedRPG.csproj", "{17C3E9B7-7DE0-4199-AA2C-9CD3050ED62C}"
EndProject
Project("{FAE04EC0-301F-11D3-BF4B-00C04F79EFBC}") = "AbstractClassInterface", "AbstractClassInterface\AbstractClassInterface.csproj", "{07EE4239-9DA2-42FC-90C4-C6B705A14AD2}"
EndProject
Project("{FAE04EC0-301F-11D3-BF4B-00C04F79EFBC}") = "MultipleInheritanceInterface", "MultipleInheritanceInterface\MultipleInheritanceInterface.csproj", "{B50F9A60-5AFC-4BBB-9B25-894E44785D34}"
EndProject
Project("{FAE04EC0-301F-11D3-BF4B-00C04F79EFBC}") = "EnumeratorIterator", "EnumeratorIterator\EnumeratorIterator.csproj", "{444EFD40-F5EA-4578-BB45-6253E5B938E8}"
EndProject
Project("{FAE04EC0-301F-11D3-BF4B-00C04F79EFBC}") = "TextBasedRPG_", "TextBasedRPG_\TextBasedRPG_.csproj", "{7E52FD1F-E2A6-4D82-8E53-5F2A31222370}"
EndProject
Project("{FAE04EC0-301F-11D3-BF4B-00C04F79EFBC}") = "Day7_FrameworkFundamental", "Day7_FrameworkFundamental\Day7_FrameworkFundamental.csproj", "{6FEBC8E3-15B6-4282-97A0-51A18DDFF5B9}"
EndProject
Project("{FAE04EC0-301F-11D3-BF4B-00C04F79EFBC}") = "Day7_Collections", "Day7_Collections\Day7_Collections.csproj", "{CF7BA50E-FCED-4240-8875-3048BBD23821}"
EndProject
Project("{FAE04EC0-301F-11D3-BF4B-00C04F79EFBC}") = "Playground", "Playground\Playground.csproj", "{F1489A48-35DE-457A-8596-4E965E3DB9AB}"
EndProject
Project("{FAE04EC0-301F-11D3-BF4B-00C04F79EFBC}") = "CobaLudo", "CobaLudo\CobaLudo.csproj", "{D2D49382-3A11-4CF4-A9F6-C8CBA36901AC}"
EndProject
Project("{FAE04EC0-301F-11D3-BF4B-00C04F79EFBC}") = "Ludo", "Ludo\Ludo.csproj", "{4C5F66D7-E56A-40B1-A4FB-B622261DCE56}"
EndProject
Project("{FAE04EC0-301F-11D3-BF4B-00C04F79EFBC}") = "Playground_for_testing_code", "Playground_for_testing_code\Playground_for_testing_code.csproj", "{45913E08-9391-4C25-8389-D91C0103CCCA}"
EndProject
Project("{FAE04EC0-301F-11D3-BF4B-00C04F79EFBC}") = "Playground_laptopbc", "Playground_laptopbc\Playground_laptopbc.csproj", "{98AD55A6-0FB4-41CC-BD76-E6EB0E4383B0}"
EndProject
Project("{FAE04EC0-301F-11D3-BF4B-00C04F79EFBC}") = "Debugging", "Debugging\Debugging.csproj", "{7155F87F-A00F-4E3A-A75A-D3C7B518A9DE}"
EndProject
Project("{FAE04EC0-301F-11D3-BF4B-00C04F79EFBC}") = "Day14_Async", "Day14_Async\Day14_Async.csproj", "{3AFC04DF-9133-498A-9D8A-23DF97ACEFB5}"
EndProject
Project("{FAE04EC0-301F-11D3-BF4B-00C04F79EFBC}") = "BoxingUnboxing", "BoxingUnboxing\BoxingUnboxing.csproj", "{A06A21F6-9667-4833-B524-2FC0BF0805E9}"
EndProject
Project("{FAE04EC0-301F-11D3-BF4B-00C04F79EFBC}") = "QLearningCSharp", "..\QLearningCSharp\QLearningCSharp.csproj", "{437DAA9C-60D4-464D-B29A-D1B781A31376}"
EndProject
Project("{2150E333-8FDC-42A3-9474-1A3956D46DE8}") = "SignalR_dotnet", "SignalR_dotnet", "{6CF14AD7-2BC1-4159-9AA9-100F3B6EFAEA}"
EndProject
Project("{FAE04EC0-301F-11D3-BF4B-00C04F79EFBC}") = "backend", "SignalR_dotnet\backend\backend.csproj", "{A88D7654-A817-49E2-9C6E-BBCD49AE67AE}"
EndProject
Project("{FAE04EC0-301F-11D3-BF4B-00C04F79EFBC}") = "Day20_UnitTestLudo", "Day20_UnitTestLudo\Day20_UnitTestLudo.csproj", "{19F69AD3-C70E-47A3-95B4-57269971E019}"
EndProject
Project("{FAE04EC0-301F-11D3-BF4B-00C04F79EFBC}") = "WebApiVilla", "WebApiVilla\WebApiVilla.csproj", "{2463BB47-62C7-4989-85DD-11317831954E}"
EndProject
Global
	GlobalSection(SolutionConfigurationPlatforms) = preSolution
		Debug|Any CPU = Debug|Any CPU
		Release|Any CPU = Release|Any CPU
	EndGlobalSection
	GlobalSection(SolutionProperties) = preSolution
		HideSolutionNode = FALSE
	EndGlobalSection
	GlobalSection(ProjectConfigurationPlatforms) = postSolution
		{8186D845-AEB1-4237-BAEB-4432D93845A4}.Debug|Any CPU.ActiveCfg = Debug|Any CPU
		{8186D845-AEB1-4237-BAEB-4432D93845A4}.Debug|Any CPU.Build.0 = Debug|Any CPU
		{8186D845-AEB1-4237-BAEB-4432D93845A4}.Release|Any CPU.ActiveCfg = Release|Any CPU
		{8186D845-AEB1-4237-BAEB-4432D93845A4}.Release|Any CPU.Build.0 = Release|Any CPU
		{F14ECB42-DE47-4C44-926B-7FA741910C8C}.Debug|Any CPU.ActiveCfg = Debug|Any CPU
		{F14ECB42-DE47-4C44-926B-7FA741910C8C}.Debug|Any CPU.Build.0 = Debug|Any CPU
		{F14ECB42-DE47-4C44-926B-7FA741910C8C}.Release|Any CPU.ActiveCfg = Release|Any CPU
		{F14ECB42-DE47-4C44-926B-7FA741910C8C}.Release|Any CPU.Build.0 = Release|Any CPU
		{17C3E9B7-7DE0-4199-AA2C-9CD3050ED62C}.Debug|Any CPU.ActiveCfg = Debug|Any CPU
		{17C3E9B7-7DE0-4199-AA2C-9CD3050ED62C}.Debug|Any CPU.Build.0 = Debug|Any CPU
		{17C3E9B7-7DE0-4199-AA2C-9CD3050ED62C}.Release|Any CPU.ActiveCfg = Release|Any CPU
		{17C3E9B7-7DE0-4199-AA2C-9CD3050ED62C}.Release|Any CPU.Build.0 = Release|Any CPU
		{07EE4239-9DA2-42FC-90C4-C6B705A14AD2}.Debug|Any CPU.ActiveCfg = Debug|Any CPU
		{07EE4239-9DA2-42FC-90C4-C6B705A14AD2}.Debug|Any CPU.Build.0 = Debug|Any CPU
		{07EE4239-9DA2-42FC-90C4-C6B705A14AD2}.Release|Any CPU.ActiveCfg = Release|Any CPU
		{07EE4239-9DA2-42FC-90C4-C6B705A14AD2}.Release|Any CPU.Build.0 = Release|Any CPU
		{B50F9A60-5AFC-4BBB-9B25-894E44785D34}.Debug|Any CPU.ActiveCfg = Debug|Any CPU
		{B50F9A60-5AFC-4BBB-9B25-894E44785D34}.Debug|Any CPU.Build.0 = Debug|Any CPU
		{B50F9A60-5AFC-4BBB-9B25-894E44785D34}.Release|Any CPU.ActiveCfg = Release|Any CPU
		{B50F9A60-5AFC-4BBB-9B25-894E44785D34}.Release|Any CPU.Build.0 = Release|Any CPU
		{444EFD40-F5EA-4578-BB45-6253E5B938E8}.Debug|Any CPU.ActiveCfg = Debug|Any CPU
		{444EFD40-F5EA-4578-BB45-6253E5B938E8}.Debug|Any CPU.Build.0 = Debug|Any CPU
		{444EFD40-F5EA-4578-BB45-6253E5B938E8}.Release|Any CPU.ActiveCfg = Release|Any CPU
		{444EFD40-F5EA-4578-BB45-6253E5B938E8}.Release|Any CPU.Build.0 = Release|Any CPU
		{7E52FD1F-E2A6-4D82-8E53-5F2A31222370}.Debug|Any CPU.ActiveCfg = Debug|Any CPU
		{7E52FD1F-E2A6-4D82-8E53-5F2A31222370}.Debug|Any CPU.Build.0 = Debug|Any CPU
		{7E52FD1F-E2A6-4D82-8E53-5F2A31222370}.Release|Any CPU.ActiveCfg = Release|Any CPU
		{7E52FD1F-E2A6-4D82-8E53-5F2A31222370}.Release|Any CPU.Build.0 = Release|Any CPU
		{6FEBC8E3-15B6-4282-97A0-51A18DDFF5B9}.Debug|Any CPU.ActiveCfg = Debug|Any CPU
		{6FEBC8E3-15B6-4282-97A0-51A18DDFF5B9}.Debug|Any CPU.Build.0 = Debug|Any CPU
		{6FEBC8E3-15B6-4282-97A0-51A18DDFF5B9}.Release|Any CPU.ActiveCfg = Release|Any CPU
		{6FEBC8E3-15B6-4282-97A0-51A18DDFF5B9}.Release|Any CPU.Build.0 = Release|Any CPU
		{CF7BA50E-FCED-4240-8875-3048BBD23821}.Debug|Any CPU.ActiveCfg = Debug|Any CPU
		{CF7BA50E-FCED-4240-8875-3048BBD23821}.Debug|Any CPU.Build.0 = Debug|Any CPU
		{CF7BA50E-FCED-4240-8875-3048BBD23821}.Release|Any CPU.ActiveCfg = Release|Any CPU
		{CF7BA50E-FCED-4240-8875-3048BBD23821}.Release|Any CPU.Build.0 = Release|Any CPU
		{F1489A48-35DE-457A-8596-4E965E3DB9AB}.Debug|Any CPU.ActiveCfg = Debug|Any CPU
		{F1489A48-35DE-457A-8596-4E965E3DB9AB}.Debug|Any CPU.Build.0 = Debug|Any CPU
		{F1489A48-35DE-457A-8596-4E965E3DB9AB}.Release|Any CPU.ActiveCfg = Release|Any CPU
		{F1489A48-35DE-457A-8596-4E965E3DB9AB}.Release|Any CPU.Build.0 = Release|Any CPU
		{D2D49382-3A11-4CF4-A9F6-C8CBA36901AC}.Debug|Any CPU.ActiveCfg = Debug|Any CPU
		{D2D49382-3A11-4CF4-A9F6-C8CBA36901AC}.Debug|Any CPU.Build.0 = Debug|Any CPU
		{D2D49382-3A11-4CF4-A9F6-C8CBA36901AC}.Release|Any CPU.ActiveCfg = Release|Any CPU
		{D2D49382-3A11-4CF4-A9F6-C8CBA36901AC}.Release|Any CPU.Build.0 = Release|Any CPU
		{4C5F66D7-E56A-40B1-A4FB-B622261DCE56}.Debug|Any CPU.ActiveCfg = Debug|Any CPU
		{4C5F66D7-E56A-40B1-A4FB-B622261DCE56}.Debug|Any CPU.Build.0 = Debug|Any CPU
		{4C5F66D7-E56A-40B1-A4FB-B622261DCE56}.Release|Any CPU.ActiveCfg = Release|Any CPU
		{4C5F66D7-E56A-40B1-A4FB-B622261DCE56}.Release|Any CPU.Build.0 = Release|Any CPU
		{45913E08-9391-4C25-8389-D91C0103CCCA}.Debug|Any CPU.ActiveCfg = Debug|Any CPU
		{45913E08-9391-4C25-8389-D91C0103CCCA}.Debug|Any CPU.Build.0 = Debug|Any CPU
		{45913E08-9391-4C25-8389-D91C0103CCCA}.Release|Any CPU.ActiveCfg = Release|Any CPU
		{45913E08-9391-4C25-8389-D91C0103CCCA}.Release|Any CPU.Build.0 = Release|Any CPU
		{98AD55A6-0FB4-41CC-BD76-E6EB0E4383B0}.Debug|Any CPU.ActiveCfg = Debug|Any CPU
		{98AD55A6-0FB4-41CC-BD76-E6EB0E4383B0}.Debug|Any CPU.Build.0 = Debug|Any CPU
		{98AD55A6-0FB4-41CC-BD76-E6EB0E4383B0}.Release|Any CPU.ActiveCfg = Release|Any CPU
		{98AD55A6-0FB4-41CC-BD76-E6EB0E4383B0}.Release|Any CPU.Build.0 = Release|Any CPU
		{7155F87F-A00F-4E3A-A75A-D3C7B518A9DE}.Debug|Any CPU.ActiveCfg = Debug|Any CPU
		{7155F87F-A00F-4E3A-A75A-D3C7B518A9DE}.Debug|Any CPU.Build.0 = Debug|Any CPU
		{7155F87F-A00F-4E3A-A75A-D3C7B518A9DE}.Release|Any CPU.ActiveCfg = Release|Any CPU
		{7155F87F-A00F-4E3A-A75A-D3C7B518A9DE}.Release|Any CPU.Build.0 = Release|Any CPU
		{3AFC04DF-9133-498A-9D8A-23DF97ACEFB5}.Debug|Any CPU.ActiveCfg = Debug|Any CPU
		{3AFC04DF-9133-498A-9D8A-23DF97ACEFB5}.Debug|Any CPU.Build.0 = Debug|Any CPU
		{3AFC04DF-9133-498A-9D8A-23DF97ACEFB5}.Release|Any CPU.ActiveCfg = Release|Any CPU
		{3AFC04DF-9133-498A-9D8A-23DF97ACEFB5}.Release|Any CPU.Build.0 = Release|Any CPU
		{A06A21F6-9667-4833-B524-2FC0BF0805E9}.Debug|Any CPU.ActiveCfg = Debug|Any CPU
		{A06A21F6-9667-4833-B524-2FC0BF0805E9}.Debug|Any CPU.Build.0 = Debug|Any CPU
		{A06A21F6-9667-4833-B524-2FC0BF0805E9}.Release|Any CPU.ActiveCfg = Release|Any CPU
		{A06A21F6-9667-4833-B524-2FC0BF0805E9}.Release|Any CPU.Build.0 = Release|Any CPU
		{437DAA9C-60D4-464D-B29A-D1B781A31376}.Debug|Any CPU.ActiveCfg = Debug|Any CPU
		{437DAA9C-60D4-464D-B29A-D1B781A31376}.Debug|Any CPU.Build.0 = Debug|Any CPU
		{437DAA9C-60D4-464D-B29A-D1B781A31376}.Release|Any CPU.ActiveCfg = Release|Any CPU
		{437DAA9C-60D4-464D-B29A-D1B781A31376}.Release|Any CPU.Build.0 = Release|Any CPU
		{A88D7654-A817-49E2-9C6E-BBCD49AE67AE}.Debug|Any CPU.ActiveCfg = Debug|Any CPU
		{A88D7654-A817-49E2-9C6E-BBCD49AE67AE}.Debug|Any CPU.Build.0 = Debug|Any CPU
		{A88D7654-A817-49E2-9C6E-BBCD49AE67AE}.Release|Any CPU.ActiveCfg = Release|Any CPU
		{A88D7654-A817-49E2-9C6E-BBCD49AE67AE}.Release|Any CPU.Build.0 = Release|Any CPU
		{19F69AD3-C70E-47A3-95B4-57269971E019}.Debug|Any CPU.ActiveCfg = Debug|Any CPU
		{19F69AD3-C70E-47A3-95B4-57269971E019}.Debug|Any CPU.Build.0 = Debug|Any CPU
		{19F69AD3-C70E-47A3-95B4-57269971E019}.Release|Any CPU.ActiveCfg = Release|Any CPU
		{19F69AD3-C70E-47A3-95B4-57269971E019}.Release|Any CPU.Build.0 = Release|Any CPU
		{2463BB47-62C7-4989-85DD-11317831954E}.Debug|Any CPU.ActiveCfg = Debug|Any CPU
		{2463BB47-62C7-4989-85DD-11317831954E}.Debug|Any CPU.Build.0 = Debug|Any CPU
		{2463BB47-62C7-4989-85DD-11317831954E}.Release|Any CPU.ActiveCfg = Release|Any CPU
		{2463BB47-62C7-4989-85DD-11317831954E}.Release|Any CPU.Build.0 = Release|Any CPU
	EndGlobalSection
	GlobalSection(NestedProjects) = preSolution
		{A88D7654-A817-49E2-9C6E-BBCD49AE67AE} = {6CF14AD7-2BC1-4159-9AA9-100F3B6EFAEA}
	EndGlobalSection
EndGlobal
